
Microsoft Visual Studio Solution File, Format Version 12.00
# Visual Studio Version 17
VisualStudioVersion = 17.9.34723.18
MinimumVisualStudioVersion = 10.0.40219.1
Project("{FAE04EC0-301F-11D3-BF4B-00C04F79EFBC}") = "SocketPlotter", "SocketPlotter.csproj", "{12512E1B-82CB-4790-AEDE-E42E1E122365}"
EndProject
Global
	GlobalSection(SolutionConfigurationPlatforms) = preSolution
		Debug|Any CPU = Debug|Any CPU
		Release|Any CPU = Release|Any CPU
	EndGlobalSection
	GlobalSection(ProjectConfigurationPlatforms) = postSolution
		{12512E1B-82CB-4790-AEDE-E42E1E122365}.Debug|Any CPU.ActiveCfg = Debug|Any CPU
		{12512E1B-82CB-4790-AEDE-E42E1E122365}.Debug|Any CPU.Build.0 = Debug|Any CPU
		{12512E1B-82CB-4790-AEDE-E42E1E122365}.Release|Any CPU.ActiveCfg = Release|Any CPU
		{12512E1B-82CB-4790-AEDE-E42E1E122365}.Release|Any CPU.Build.0 = Release|Any CPU
	EndGlobalSection
	GlobalSection(SolutionProperties) = preSolution
		HideSolutionNode = FALSE
	EndGlobalSection
	GlobalSection(ExtensibilityGlobals) = postSolution
		SolutionGuid = {2E19C0BA-1A0D-455E-A146-83802265ACF8}
	EndGlobalSection
EndGlobal
